dependencies:
  espressif/esp_tinyusb:
    component_hash: 5e37c53a10518f40b288a48afec4ab549784be9e6eb74add699a30395543418a
    dependencies:
    - name: idf
      require: private
      version: '>=5.0'
    - name: espressif/tinyusb
      registry_url: https://components.espressif.com
      require: public
      version: 0.*
    source:
      registry_url: https://components.espressif.com/
      type: service
    targets:
    - esp32s2
    - esp32s3
    version: 1.0.3
  espressif/tinyusb:
    component_hash: aa65639878f27a44d349044afd9c3fc134a92bd560874fdac1d836019b5c07ca
    dependencies:
    - name: idf
      require: private
      version: '>=5.0'
    source:
      registry_url: https://components.espressif.com
      type: service
    targets:
    - esp32s2
    - esp32s3
    - esp32p4
    version: 0.18.0~4
  idf:
    source:
      type: idf
    version: 5.5.0
direct_dependencies:
- espressif/esp_tinyusb
- idf
manifest_hash: 0fb80733b490b7c3191c616db6fa2692104ac8ff61cac960aa2413cb8efc9e8b
target: esp32s3
version: 2.0.0
